{
    "_readme": [
        "This file locks the dependencies of your project to a known state",
        "Read more about it at http://getcomposer.org/doc/01-basic-usage.md#composer-lock-the-lock-file",
        "This file is @generated automatically"
    ],
    "hash": "4260ba060039b0d7c9884d13eb80d0b6",
    "packages": [
        {
            "name": "inacho/php-credit-card-validator",
            "version": "1.0.0",
            "source": {
                "type": "git",
                "url": "https://github.com/inacho/php-credit-card-validator.git",
                "reference": "d72117e6d16a11ce817e74b0ec3e71f106ae2fa2"
            },
            "dist": {
                "type": "zip",
                "url": "https://api.github.com/repos/inacho/php-credit-card-validator/zipball/d72117e6d16a11ce817e74b0ec3e71f106ae2fa2",
                "reference": "d72117e6d16a11ce817e74b0ec3e71f106ae2fa2",
                "shasum": ""
            },
            "require": {
                "lib-pcre": ">=7.3",
                "php": ">=5.3.0"
            },
            "type": "library",
            "autoload": {
                "psr-4": {
                    "Inacho\\": "src/"
                }
            },
            "notification-url": "https://packagist.org/downloads/",
            "license": [
                "MIT"
            ],
            "authors": [
                {
                    "name": "Ignacio de Tomás",
                    "email": "nacho@inacho.es"
                }
            ],
            "description": "Validates popular debit and credit cards numbers against regular expressions and Luhn algorithm. Also validates the CVC and the expiration date",
            "keywords": [
                "card",
                "cards",
                "credit",
                "creditcard",
                "creditcards",
                "cvc",
                "debit",
                "laravel",
                "validator"
            ],
            "time": "2014-11-27 11:31:08"
        },
        {
            "name": "slim/slim",
            "version": "2.6.2",
            "source": {
                "type": "git",
                "url": "https://github.com/slimphp/Slim.git",
                "reference": "20a02782f76830b67ae56a5c08eb1f563c351a37"
            },
            "dist": {
                "type": "zip",
                "url": "https://api.github.com/repos/slimphp/Slim/zipball/20a02782f76830b67ae56a5c08eb1f563c351a37",
                "reference": "20a02782f76830b67ae56a5c08eb1f563c351a37",
                "shasum": ""
            },
            "require": {
                "php": ">=5.3.0"
            },
            "suggest": {
                "ext-mcrypt": "Required for HTTP cookie encryption"
            },
            "type": "library",
            "autoload": {
                "psr-0": {
                    "Slim": "."
                }
            },
            "notification-url": "https://packagist.org/downloads/",
            "license": [
                "MIT"
            ],
            "authors": [
                {
                    "name": "Josh Lockhart",
                    "email": "info@joshlockhart.com",
                    "homepage": "http://www.joshlockhart.com/"
                }
            ],
            "description": "Slim Framework, a PHP micro framework",
            "homepage": "http://github.com/codeguy/Slim",
            "keywords": [
                "microframework",
                "rest",
                "router"
            ],
            "time": "2015-03-08 18:41:17"
        }
    ],
    "packages-dev": [],
    "aliases": [],
    "minimum-stability": "stable",
    "stability-flags": [],
    "prefer-stable": false,
    "prefer-lowest": false,
    "platform": [],
    "platform-dev": []
}
